
Microsoft Visual Studio Solution File, Format Version 12.00
# Visual Studio Version 17
VisualStudioVersion = 17.14.36603.0
MinimumVisualStudioVersion = 10.0.40219.1
Project("{FAE04EC0-301F-11D3-BF4B-00C04F79EFBC}") = "Shop - Code first", "Shop - Code first\Shop - Code first.csproj", "{CEA21D12-DCA6-4792-9B2C-2621978571CE}"
EndProject
Project("{FAE04EC0-301F-11D3-BF4B-00C04F79EFBC}") = "ShopDatabaseFirst", "ShopDatabaseFirst\ShopDatabaseFirst.csproj", "{8B4EA849-2BC6-4E8E-A9A0-0002D4E04A0A}"
EndProject
Global
	GlobalSection(SolutionConfigurationPlatforms) = preSolution
		Debug|Any CPU = Debug|Any CPU
		Release|Any CPU = Release|Any CPU
	EndGlobalSection
	GlobalSection(ProjectConfigurationPlatforms) = postSolution
		{CEA21D12-DCA6-4792-9B2C-2621978571CE}.Debug|Any CPU.ActiveCfg = Debug|Any CPU
		{CEA21D12-DCA6-4792-9B2C-2621978571CE}.Debug|Any CPU.Build.0 = Debug|Any CPU
		{CEA21D12-DCA6-4792-9B2C-2621978571CE}.Release|Any CPU.ActiveCfg = Release|Any CPU
		{CEA21D12-DCA6-4792-9B2C-2621978571CE}.Release|Any CPU.Build.0 = Release|Any CPU
		{8B4EA849-2BC6-4E8E-A9A0-0002D4E04A0A}.Debug|Any CPU.ActiveCfg = Debug|Any CPU
		{8B4EA849-2BC6-4E8E-A9A0-0002D4E04A0A}.Debug|Any CPU.Build.0 = Debug|Any CPU
		{8B4EA849-2BC6-4E8E-A9A0-0002D4E04A0A}.Release|Any CPU.ActiveCfg = Release|Any CPU
		{8B4EA849-2BC6-4E8E-A9A0-0002D4E04A0A}.Release|Any CPU.Build.0 = Release|Any CPU
	EndGlobalSection
	GlobalSection(SolutionProperties) = preSolution
		HideSolutionNode = FALSE
	EndGlobalSection
	GlobalSection(ExtensibilityGlobals) = postSolution
		SolutionGuid = {1B7B0096-2F4E-451A-A143-AB9239118CF1}
	EndGlobalSection
EndGlobal
